// !$*UTF8*$!
{
	archiveVersion = 1;
	classes = {
	};
	objectVersion = 50;
	objects = {

/* Begin PBXBuildFile section */
		9EB2ADC922232252003341F8 /* AppDelegate.swift in Sources */ = {isa = PBXBuildFile; fileRef = 9EB2ADC822232252003341F8 /* AppDelegate.swift */; };
		9EB2ADCE22232252003341F8 /* Main.storyboard in Resources */ = {isa = PBXBuildFile; fileRef = 9EB2ADCC22232252003341F8 /* Main.storyboard */; };
		9EB2ADD022232253003341F8 /* Assets.xcassets in Resources */ = {isa = PBXBuildFile; fileRef = 9EB2ADCF22232253003341F8 /* Assets.xcassets */; };
		9EB2ADD322232253003341F8 /* LaunchScreen.storyboard in Resources */ = {isa = PBXBuildFile; fileRef = 9EB2ADD122232253003341F8 /* LaunchScreen.storyboard */; };
/* End PBXBuildFile section */

/* Begin PBXFileReference section */
		9E065F8122BFB50A006F8A1D /* login.swift */ = {isa = PBXFileReference; lastKnownFileType = sourcecode.swift; path = login.swift; sourceTree = "<group>"; };
		9E065F8A22BFC611006F8A1D /* NSObject+LLDO.swift */ = {isa = PBXFileReference; fileEncoding = 4; lastKnownFileType = sourcecode.swift; path = "NSObject+LLDO.swift"; sourceTree = "<group>"; };
		9E065F8B22BFC611006F8A1D /* UIViewController+LLDO.swift */ = {isa = PBXFileReference; fileEncoding = 4; lastKnownFileType = sourcecode.swift; path = "UIViewController+LLDO.swift"; sourceTree = "<group>"; };
		9E065F8C22BFC611006F8A1D /* UIView+LLDO.swift */ = {isa = PBXFileReference; fileEncoding = 4; lastKnownFileType = sourcecode.swift; path = "UIView+LLDO.swift"; sourceTree = "<group>"; };
		9EB2ADC522232252003341F8 /* LLDO.app */ = {isa = PBXFileReference; explicitFileType = wrapper.application; includeInIndex = 0; path = LLDO.app; sourceTree = BUILT_PRODUCTS_DIR; };
		9EB2ADC822232252003341F8 /* AppDelegate.swift */ = {isa = PBXFileReference; lastKnownFileType = sourcecode.swift; path = AppDelegate.swift; sourceTree = "<group>"; };
		9EB2ADCD22232252003341F8 /* Base */ = {isa = PBXFileReference; lastKnownFileType = file.storyboard; name = Base; path = Base.lproj/Main.storyboard; sourceTree = "<group>"; };
		9EB2ADCF22232253003341F8 /* Assets.xcassets */ = {isa = PBXFileReference; lastKnownFileType = folder.assetcatalog; path = Assets.xcassets; sourceTree = "<group>"; };
		9EB2ADD222232253003341F8 /* Base */ = {isa = PBXFileReference; lastKnownFileType = file.storyboard; name = Base; path = Base.lproj/LaunchScreen.storyboard; sourceTree = "<group>"; };
		9EB2ADD422232253003341F8 /* Info.plist */ = {isa = PBXFileReference; lastKnownFileType = text.plist.xml; path = Info.plist; sourceTree = "<group>"; };
/* End PBXFileReference section */

/* Begin PBXFrameworksBuildPhase section */
		9EB2ADC222232252003341F8 /* Frameworks */ = {
			isa = PBXFrameworksBuildPhase;
			buildActionMask = 2147483647;
			files = (
			);
			runOnlyForDeploymentPostprocessing = 0;
		};
/* End PBXFrameworksBuildPhase section */

/* Begin PBXGroup section */
		9E065F8922BFC611006F8A1D /* lldo_helpers */ = {
			isa = PBXGroup;
			children = (
				9E065F8A22BFC611006F8A1D /* NSObject+LLDO.swift */,
				9E065F8B22BFC611006F8A1D /* UIViewController+LLDO.swift */,
				9E065F8C22BFC611006F8A1D /* UIView+LLDO.swift */,
			);
			name = lldo_helpers;
			path = ../lldo_helpers;
			sourceTree = "<group>";
		};
		9EB2ADBC22232252003341F8 = {
			isa = PBXGroup;
			children = (
				9EC824E5222ADF92009806AC /* lldo_actions */,
				9E065F8922BFC611006F8A1D /* lldo_helpers */,
				9EB2ADC722232252003341F8 /* LLDOSwiftHelper */,
				9EB2ADC622232252003341F8 /* Products */,
			);
			sourceTree = "<group>";
		};
		9EB2ADC622232252003341F8 /* Products */ = {
			isa = PBXGroup;
			children = (
				9EB2ADC522232252003341F8 /* LLDO.app */,
			);
			name = Products;
			sourceTree = "<group>";
		};
		9EB2ADC722232252003341F8 /* LLDOSwiftHelper */ = {
			isa = PBXGroup;
			children = (
				9EB2ADC822232252003341F8 /* AppDelegate.swift */,
				9EB2ADCC22232252003341F8 /* Main.storyboard */,
				9EB2ADCF22232253003341F8 /* Assets.xcassets */,
				9EB2ADD122232253003341F8 /* LaunchScreen.storyboard */,
				9EB2ADD422232253003341F8 /* Info.plist */,
			);
			path = LLDOSwiftHelper;
			sourceTree = "<group>";
		};
		9EC824E5222ADF92009806AC /* lldo_actions */ = {
			isa = PBXGroup;
			children = (
				9E065F8122BFB50A006F8A1D /* login.swift */,
			);
			path = lldo_actions;
			sourceTree = "<group>";
		};
/* End PBXGroup section */

/* Begin PBXNativeTarget section */
		9EB2ADC422232252003341F8 /* LLDOSwiftHelper */ = {
			isa = PBXNativeTarget;
			buildConfigurationList = 9EB2ADD722232253003341F8 /* Build configuration list for PBXNativeTarget "LLDOSwiftHelper" */;
			buildPhases = (
				9EB2ADC122232252003341F8 /* Sources */,
				9EB2ADC222232252003341F8 /* Frameworks */,
				9EB2ADC322232252003341F8 /* Resources */,
			);
			buildRules = (
			);
			dependencies = (
			);
			name = LLDOSwiftHelper;
			productName = LLDBSwiftHelper;
			productReference = 9EB2ADC522232252003341F8 /* LLDO.app */;
			productType = "com.apple.product-type.application";
		};
/* End PBXNativeTarget section */

/* Begin PBXProject section */
		9EB2ADBD22232252003341F8 /* Project object */ = {
			isa = PBXProject;
			attributes = {
				LastSwiftUpdateCheck = 1010;
				LastUpgradeCheck = 1010;
				ORGANIZATIONNAME = "Julian Raschke und Sebastian Ludwig GbR";
				TargetAttributes = {
					9EB2ADC422232252003341F8 = {
						CreatedOnToolsVersion = 10.1;
					};
				};
			};
			buildConfigurationList = 9EB2ADC022232252003341F8 /* Build configuration list for PBXProject "LLDOSwiftHelper" */;
			compatibilityVersion = "Xcode 9.3";
			developmentRegion = en;
			hasScannedForEncodings = 0;
			knownRegions = (
				en,
				Base,
			);
			mainGroup = 9EB2ADBC22232252003341F8;
			productRefGroup = 9EB2ADC622232252003341F8 /* Products */;
			projectDirPath = "";
			projectRoot = "";
			targets = (
				9EB2ADC422232252003341F8 /* LLDOSwiftHelper */,
			);
		};
/* End PBXProject section */

/* Begin PBXResourcesBuildPhase section */
		9EB2ADC322232252003341F8 /* Resources */ = {
			isa = PBXResourcesBuildPhase;
			buildActionMask = 2147483647;
			files = (
				9EB2ADD322232253003341F8 /* LaunchScreen.storyboard in Resources */,
				9EB2ADD022232253003341F8 /* Assets.xcassets in Resources */,
				9EB2ADCE22232252003341F8 /* Main.storyboard in Resources */,
			);
			runOnlyForDeploymentPostprocessing = 0;
		};
/* End PBXResourcesBuildPhase section */

/* Begin PBXSourcesBuildPhase section */
		9EB2ADC122232252003341F8 /* Sources */ = {
			isa = PBXSourcesBuildPhase;
			buildActionMask = 2147483647;
			files = (
				9EB2ADC922232252003341F8 /* AppDelegate.swift in Sources */,
			);
			runOnlyForDeploymentPostprocessing = 0;
		};
/* End PBXSourcesBuildPhase section */

/* Begin PBXVariantGroup section */
		9EB2ADCC22232252003341F8 /* Main.storyboard */ = {
			isa = PBXVariantGroup;
			children = (
				9EB2ADCD22232252003341F8 /* Base */,
			);
			name = Main.storyboard;
			sourceTree = "<group>";
		};
		9EB2ADD122232253003341F8 /* LaunchScreen.storyboard */ = {
			isa = PBXVariantGroup;
			children = (
				9EB2ADD222232253003341F8 /* Base */,
			);
			name = LaunchScreen.storyboard;
			sourceTree = "<group>";
		};
/* End PBXVariantGroup section */

/* Begin XCBuildConfiguration section */
		9EB2ADD522232253003341F8 /* Debug */ = {
			isa = XCBuildConfiguration;
			buildSettings = {
				ALWAYS_SEARCH_USER_PATHS = NO;
				CLANG_ANALYZER_NONNULL = YES;
				CLANG_ANALYZER_NUMBER_OBJECT_CONVERSION = YES_AGGRESSIVE;
				CLANG_CXX_LANGUAGE_STANDARD = "gnu++14";
				CLANG_CXX_LIBRARY = "libc++";
				CLANG_ENABLE_MODULES = YES;
				CLANG_ENABLE_OBJC_ARC = YES;
				CLANG_ENABLE_OBJC_WEAK = YES;
				CLANG_WARN_BLOCK_CAPTURE_AUTORELEASING = YES;
				CLANG_WARN_BOOL_CONVERSION = YES;
				CLANG_WARN_COMMA = YES;
				CLANG_WARN_CONSTANT_CONVERSION = YES;
				CLANG_WARN_DEPRECATED_OBJC_IMPLEMENTATIONS = YES;
				CLANG_WARN_DIRECT_OBJC_ISA_USAGE = YES_ERROR;
				CLANG_WARN_DOCUMENTATION_COMMENTS = YES;
				CLANG_WARN_EMPTY_BODY = YES;
				CLANG_WARN_ENUM_CONVERSION = YES;
				CLANG_WARN_INFINITE_RECURSION = YES;
				CLANG_WARN_INT_CONVERSION = YES;
				CLANG_WARN_NON_LITERAL_NULL_CONVERSION = YES;
				CLANG_WARN_OBJC_IMPLICIT_RETAIN_SELF = YES;
				CLANG_WARN_OBJC_LITERAL_CONVERSION = YES;
				CLANG_WARN_OBJC_ROOT_CLASS = YES_ERROR;
				CLANG_WARN_RANGE_LOOP_ANALYSIS = YES;
				CLANG_WARN_STRICT_PROTOTYPES = YES;
				CLANG_WARN_SUSPICIOUS_MOVE = YES;
				CLANG_WARN_UNGUARDED_AVAILABILITY = YES_AGGRESSIVE;
				CLANG_WARN_UNREACHABLE_CODE = YES;
				CLANG_WARN__DUPLICATE_METHOD_MATCH = YES;
				CODE_SIGN_IDENTITY = "iPhone Developer";
				COPY_PHASE_STRIP = NO;
				DEBUG_INFORMATION_FORMAT = dwarf;
				ENABLE_STRICT_OBJC_MSGSEND = YES;
				ENABLE_TESTABILITY = YES;
				GCC_C_LANGUAGE_STANDARD = gnu11;
				GCC_DYNAMIC_NO_PIC = NO;
				GCC_NO_COMMON_BLOCKS = YES;
				GCC_OPTIMIZATION_LEVEL = 0;
				GCC_PREPROCESSOR_DEFINITIONS = (
					"DEBUG=1",
					"$(inherited)",
				);
				GCC_WARN_64_TO_32_BIT_CONVERSION = YES;
				GCC_WARN_ABOUT_RETURN_TYPE = YES_ERROR;
				GCC_WARN_UNDECLARED_SELECTOR = YES;
				GCC_WARN_UNINITIALIZED_AUTOS = YES_AGGRESSIVE;
				GCC_WARN_UNUSED_FUNCTION = YES;
				GCC_WARN_UNUSED_VARIABLE = YES;
				IPHONEOS_DEPLOYMENT_TARGET = 12.1;
				MTL_ENABLE_DEBUG_INFO = INCLUDE_SOURCE;
				MTL_FAST_MATH = YES;
				ONLY_ACTIVE_ARCH = YES;
				SDKROOT = iphoneos;
				SWIFT_ACTIVE_COMPILATION_CONDITIONS = DEBUG;
				SWIFT_OPTIMIZATION_LEVEL = "-Onone";
			};
			name = Debug;
		};
		9EB2ADD622232253003341F8 /* Release */ = {
			isa = XCBuildConfiguration;
			buildSettings = {
				ALWAYS_SEARCH_USER_PATHS = NO;
				CLANG_ANALYZER_NONNULL = YES;
				CLANG_ANALYZER_NUMBER_OBJECT_CONVERSION = YES_AGGRESSIVE;
				CLANG_CXX_LANGUAGE_STANDARD = "gnu++14";
				CLANG_CXX_LIBRARY = "libc++";
				CLANG_ENABLE_MODULES = YES;
				CLANG_ENABLE_OBJC_ARC = YES;
				CLANG_ENABLE_OBJC_WEAK = YES;
				CLANG_WARN_BLOCK_CAPTURE_AUTORELEASING = YES;
				CLANG_WARN_BOOL_CONVERSION = YES;
				CLANG_WARN_COMMA = YES;
				CLANG_WARN_CONSTANT_CONVERSION = YES;
				CLANG_WARN_DEPRECATED_OBJC_IMPLEMENTATIONS = YES;
				CLANG_WARN_DIRECT_OBJC_ISA_USAGE = YES_ERROR;
				CLANG_WARN_DOCUMENTATION_COMMENTS = YES;
				CLANG_WARN_EMPTY_BODY = YES;
				CLANG_WARN_ENUM_CONVERSION = YES;
				CLANG_WARN_INFINITE_RECURSION = YES;
				CLANG_WARN_INT_CONVERSION = YES;
				CLANG_WARN_NON_LITERAL_NULL_CONVERSION = YES;
				CLANG_WARN_OBJC_IMPLICIT_RETAIN_SELF = YES;
				CLANG_WARN_OBJC_LITERAL_CONVERSION = YES;
				CLANG_WARN_OBJC_ROOT_CLASS = YES_ERROR;
				CLANG_WARN_RANGE_LOOP_ANALYSIS = YES;
				CLANG_WARN_STRICT_PROTOTYPES = YES;
				CLANG_WARN_SUSPICIOUS_MOVE = YES;
				CLANG_WARN_UNGUARDED_AVAILABILITY = YES_AGGRESSIVE;
				CLANG_WARN_UNREACHABLE_CODE = YES;
				CLANG_WARN__DUPLICATE_METHOD_MATCH = YES;
				CODE_SIGN_IDENTITY = "iPhone Developer";
				COPY_PHASE_STRIP = NO;
				DEBUG_INFORMATION_FORMAT = "dwarf-with-dsym";
				ENABLE_NS_ASSERTIONS = NO;
				ENABLE_STRICT_OBJC_MSGSEND = YES;
				GCC_C_LANGUAGE_STANDARD = gnu11;
				GCC_NO_COMMON_BLOCKS = YES;
				GCC_WARN_64_TO_32_BIT_CONVERSION = YES;
				GCC_WARN_ABOUT_RETURN_TYPE = YES_ERROR;
				GCC_WARN_UNDECLARED_SELECTOR = YES;
				GCC_WARN_UNINITIALIZED_AUTOS = YES_AGGRESSIVE;
				GCC_WARN_UNUSED_FUNCTION = YES;
				GCC_WARN_UNUSED_VARIABLE = YES;
				IPHONEOS_DEPLOYMENT_TARGET = 12.1;
				MTL_ENABLE_DEBUG_INFO = NO;
				MTL_FAST_MATH = YES;
				SDKROOT = iphoneos;
				SWIFT_COMPILATION_MODE = wholemodule;
				SWIFT_OPTIMIZATION_LEVEL = "-O";
				VALIDATE_PRODUCT = YES;
			};
			name = Release;
		};
		9EB2ADD822232253003341F8 /* Debug */ = {
			isa = XCBuildConfiguration;
			buildSettings = {
				ASSETCATALOG_COMPILER_APPICON_NAME = AppIcon;
				CODE_SIGN_STYLE = Automatic;
				DEVELOPMENT_TEAM = JEL6P659TC;
				INFOPLIST_FILE = LLDOSwiftHelper/Info.plist;
				LD_RUNPATH_SEARCH_PATHS = (
					"$(inherited)",
					"@executable_path/Frameworks",
				);
				PRODUCT_BUNDLE_IDENTIFIER = com.lurado.LLDOSwiftHelper;
				PRODUCT_MODULE_NAME = "$(PRODUCT_NAME)";
				PRODUCT_NAME = LLDO;
				SWIFT_VERSION = 4.2;
				TARGETED_DEVICE_FAMILY = "1,2";
			};
			name = Debug;
		};
		9EB2ADD922232253003341F8 /* Release */ = {
			isa = XCBuildConfiguration;
			buildSettings = {
				ASSETCATALOG_COMPILER_APPICON_NAME = AppIcon;
				CODE_SIGN_STYLE = Automatic;
				DEVELOPMENT_TEAM = JEL6P659TC;
				INFOPLIST_FILE = LLDOSwiftHelper/Info.plist;
				LD_RUNPATH_SEARCH_PATHS = (
					"$(inherited)",
					"@executable_path/Frameworks",
				);
				PRODUCT_BUNDLE_IDENTIFIER = com.lurado.LLDOSwiftHelper;
				PRODUCT_MODULE_NAME = "$(PRODUCT_NAME)";
				PRODUCT_NAME = LLDO;
				SWIFT_VERSION = 4.2;
				TARGETED_DEVICE_FAMILY = "1,2";
			};
			name = Release;
		};
/* End XCBuildConfiguration section */

/* Begin XCConfigurationList section */
		9EB2ADC022232252003341F8 /* Build configuration list for PBXProject "LLDOSwiftHelper" */ = {
			isa = XCConfigurationList;
			buildConfigurations = (
				9EB2ADD522232253003341F8 /* Debug */,
				9EB2ADD622232253003341F8 /* Release */,
			);
			defaultConfigurationIsVisible = 0;
			defaultConfigurationName = Release;
		};
		9EB2ADD722232253003341F8 /* Build configuration list for PBXNativeTarget "LLDOSwiftHelper" */ = {
			isa = XCConfigurationList;
			buildConfigurations = (
				9EB2ADD822232253003341F8 /* Debug */,
				9EB2ADD922232253003341F8 /* Release */,
			);
			defaultConfigurationIsVisible = 0;
			defaultConfigurationName = Release;
		};
/* End XCConfigurationList section */
	};
	rootObject = 9EB2ADBD22232252003341F8 /* Project object */;
}
